
Microsoft Visual Studio Solution File, Format Version 12.00
# Visual Studio Version 17
VisualStudioVersion = 17.8.34322.80
MinimumVisualStudioVersion = 10.0.40219.1
Project("{FAE04EC0-301F-11D3-BF4B-00C04F79EFBC}") = "Shuo", "Shuo\Shuo.csproj", "{5322C245-CAEB-4C6B-A812-DDF84965DE9D}"
EndProject
Global
	GlobalSection(SolutionConfigurationPlatforms) = preSolution
		Debug|Any CPU = Debug|Any CPU
		Release|Any CPU = Release|Any CPU
	EndGlobalSection
	GlobalSection(ProjectConfigurationPlatforms) = postSolution
		{5322C245-CAEB-4C6B-A812-DDF84965DE9D}.Debug|Any CPU.ActiveCfg = Debug|Any CPU
		{5322C245-CAEB-4C6B-A812-DDF84965DE9D}.Debug|Any CPU.Build.0 = Debug|Any CPU
		{5322C245-CAEB-4C6B-A812-DDF84965DE9D}.Debug|Any CPU.Deploy.0 = Debug|Any CPU
		{5322C245-CAEB-4C6B-A812-DDF84965DE9D}.Release|Any CPU.ActiveCfg = Release|Any CPU
		{5322C245-CAEB-4C6B-A812-DDF84965DE9D}.Release|Any CPU.Build.0 = Release|Any CPU
		{5322C245-CAEB-4C6B-A812-DDF84965DE9D}.Release|Any CPU.Deploy.0 = Release|Any CPU
	EndGlobalSection
	GlobalSection(SolutionProperties) = preSolution
		HideSolutionNode = FALSE
	EndGlobalSection
	GlobalSection(ExtensibilityGlobals) = postSolution
		SolutionGuid = {A9E815D4-5AE2-4A2E-AD8B-6BC5422F66A7}
	EndGlobalSection
EndGlobal
